
Microsoft Visual Studio Solution File, Format Version 12.00
# Visual Studio Version 16
VisualStudioVersion = 16.0.31112.23
MinimumVisualStudioVersion = 10.0.40219.1
Project("{9A19103F-16F7-4668-BE54-9A1E7A4F7556}") = "SSLTerminate", "SSLTerminate\SSLTerminate.csproj", "{7B89773A-4BD6-4C6E-A7F1-48AF6317649B}"
EndProject
Project("{2150E333-8FDC-42A3-9474-1A3956D46DE8}") = "Examples", "Examples", "{614B88C6-5F49-4A92-925B-54945665ED16}"
EndProject
Project("{9A19103F-16F7-4668-BE54-9A1E7A4F7556}") = "HelloWebApp", "Examples\HelloWebApp\HelloWebApp.csproj", "{05C09E9D-55D6-45E4-A221-4D4D4EAF7368}"
EndProject
Project("{9A19103F-16F7-4668-BE54-9A1E7A4F7556}") = "SSLTerminate.Tests", "SSLTerminate.Tests\SSLTerminate.Tests.csproj", "{D698CD18-7BF7-4E8D-8E56-83F212EDCDC6}"
EndProject
Project("{9A19103F-16F7-4668-BE54-9A1E7A4F7556}") = "SSLTerminate.ACME", "SSLTerminate.ACME\SSLTerminate.ACME.csproj", "{CAF2FE8F-1B66-4774-BB60-20AAF82E283B}"
EndProject
Project("{9A19103F-16F7-4668-BE54-9A1E7A4F7556}") = "SSLTerminate.ACME.Tests", "SSLTerminate.ACME.Tests\SSLTerminate.ACME.Tests.csproj", "{25ABF0F2-4B0B-4906-8A4F-8EF2B7E926DF}"
EndProject
Project("{9A19103F-16F7-4668-BE54-9A1E7A4F7556}") = "SSLTerminate.Storage.Postgres", "SSLTerminate.Storage.Postgres\SSLTerminate.Storage.Postgres.csproj", "{CE36998E-756A-43CC-9D6C-7134C3E32325}"
EndProject
Project("{9A19103F-16F7-4668-BE54-9A1E7A4F7556}") = "SSLTerminate.Storage.Postgres.Tests", "SSLTerminate.Storage.Postgres.Tests\SSLTerminate.Storage.Postgres.Tests.csproj", "{BE7E044A-C454-444D-B465-3768F5687A9B}"
EndProject
Project("{9A19103F-16F7-4668-BE54-9A1E7A4F7556}") = "SSLTerminate.Tests.Common", "SSLTerminate.Tests.Common\SSLTerminate.Tests.Common.csproj", "{E5F08D04-D409-48F4-8170-E488E79D3896}"
EndProject
Project("{FAE04EC0-301F-11D3-BF4B-00C04F79EFBC}") = "SSLTerminate.ReverseProxy", "SSLTerminate.ReverseProxy\SSLTerminate.ReverseProxy.csproj", "{1E880F2B-5645-4286-924A-7854976283B1}"
EndProject
Global
	GlobalSection(SolutionConfigurationPlatforms) = preSolution
		Debug|Any CPU = Debug|Any CPU
		Release|Any CPU = Release|Any CPU
	EndGlobalSection
	GlobalSection(ProjectConfigurationPlatforms) = postSolution
		{7B89773A-4BD6-4C6E-A7F1-48AF6317649B}.Debug|Any CPU.ActiveCfg = Debug|Any CPU
		{7B89773A-4BD6-4C6E-A7F1-48AF6317649B}.Debug|Any CPU.Build.0 = Debug|Any CPU
		{7B89773A-4BD6-4C6E-A7F1-48AF6317649B}.Release|Any CPU.ActiveCfg = Release|Any CPU
		{7B89773A-4BD6-4C6E-A7F1-48AF6317649B}.Release|Any CPU.Build.0 = Release|Any CPU
		{05C09E9D-55D6-45E4-A221-4D4D4EAF7368}.Debug|Any CPU.ActiveCfg = Debug|Any CPU
		{05C09E9D-55D6-45E4-A221-4D4D4EAF7368}.Debug|Any CPU.Build.0 = Debug|Any CPU
		{05C09E9D-55D6-45E4-A221-4D4D4EAF7368}.Release|Any CPU.ActiveCfg = Release|Any CPU
		{05C09E9D-55D6-45E4-A221-4D4D4EAF7368}.Release|Any CPU.Build.0 = Release|Any CPU
		{D698CD18-7BF7-4E8D-8E56-83F212EDCDC6}.Debug|Any CPU.ActiveCfg = Debug|Any CPU
		{D698CD18-7BF7-4E8D-8E56-83F212EDCDC6}.Debug|Any CPU.Build.0 = Debug|Any CPU
		{D698CD18-7BF7-4E8D-8E56-83F212EDCDC6}.Release|Any CPU.ActiveCfg = Release|Any CPU
		{D698CD18-7BF7-4E8D-8E56-83F212EDCDC6}.Release|Any CPU.Build.0 = Release|Any CPU
		{CAF2FE8F-1B66-4774-BB60-20AAF82E283B}.Debug|Any CPU.ActiveCfg = Debug|Any CPU
		{CAF2FE8F-1B66-4774-BB60-20AAF82E283B}.Debug|Any CPU.Build.0 = Debug|Any CPU
		{CAF2FE8F-1B66-4774-BB60-20AAF82E283B}.Release|Any CPU.ActiveCfg = Release|Any CPU
		{CAF2FE8F-1B66-4774-BB60-20AAF82E283B}.Release|Any CPU.Build.0 = Release|Any CPU
		{25ABF0F2-4B0B-4906-8A4F-8EF2B7E926DF}.Debug|Any CPU.ActiveCfg = Debug|Any CPU
		{25ABF0F2-4B0B-4906-8A4F-8EF2B7E926DF}.Debug|Any CPU.Build.0 = Debug|Any CPU
		{25ABF0F2-4B0B-4906-8A4F-8EF2B7E926DF}.Release|Any CPU.ActiveCfg = Release|Any CPU
		{25ABF0F2-4B0B-4906-8A4F-8EF2B7E926DF}.Release|Any CPU.Build.0 = Release|Any CPU
		{CE36998E-756A-43CC-9D6C-7134C3E32325}.Debug|Any CPU.ActiveCfg = Debug|Any CPU
		{CE36998E-756A-43CC-9D6C-7134C3E32325}.Debug|Any CPU.Build.0 = Debug|Any CPU
		{CE36998E-756A-43CC-9D6C-7134C3E32325}.Release|Any CPU.ActiveCfg = Release|Any CPU
		{CE36998E-756A-43CC-9D6C-7134C3E32325}.Release|Any CPU.Build.0 = Release|Any CPU
		{BE7E044A-C454-444D-B465-3768F5687A9B}.Debug|Any CPU.ActiveCfg = Debug|Any CPU
		{BE7E044A-C454-444D-B465-3768F5687A9B}.Debug|Any CPU.Build.0 = Debug|Any CPU
		{BE7E044A-C454-444D-B465-3768F5687A9B}.Release|Any CPU.ActiveCfg = Release|Any CPU
		{BE7E044A-C454-444D-B465-3768F5687A9B}.Release|Any CPU.Build.0 = Release|Any CPU
		{E5F08D04-D409-48F4-8170-E488E79D3896}.Debug|Any CPU.ActiveCfg = Debug|Any CPU
		{E5F08D04-D409-48F4-8170-E488E79D3896}.Debug|Any CPU.Build.0 = Debug|Any CPU
		{E5F08D04-D409-48F4-8170-E488E79D3896}.Release|Any CPU.ActiveCfg = Release|Any CPU
		{E5F08D04-D409-48F4-8170-E488E79D3896}.Release|Any CPU.Build.0 = Release|Any CPU
		{1E880F2B-5645-4286-924A-7854976283B1}.Debug|Any CPU.ActiveCfg = Debug|Any CPU
		{1E880F2B-5645-4286-924A-7854976283B1}.Debug|Any CPU.Build.0 = Debug|Any CPU
		{1E880F2B-5645-4286-924A-7854976283B1}.Release|Any CPU.ActiveCfg = Release|Any CPU
		{1E880F2B-5645-4286-924A-7854976283B1}.Release|Any CPU.Build.0 = Release|Any CPU
	EndGlobalSection
	GlobalSection(SolutionProperties) = preSolution
		HideSolutionNode = FALSE
	EndGlobalSection
	GlobalSection(NestedProjects) = preSolution
		{05C09E9D-55D6-45E4-A221-4D4D4EAF7368} = {614B88C6-5F49-4A92-925B-54945665ED16}
	EndGlobalSection
	GlobalSection(ExtensibilityGlobals) = postSolution
		SolutionGuid = {68A9BFBC-2ED2-4957-8486-68E661D42F09}
	EndGlobalSection
EndGlobal
